
Microsoft Visual Studio Solution File, Format Version 12.00
# Visual Studio Version 17
VisualStudioVersion = 17.3.32901.215
MinimumVisualStudioVersion = 10.0.40219.1
Project("{FAE04EC0-301F-11D3-BF4B-00C04F79EFBC}") = "Prec", "Prec\Prec.csproj", "{5DCFCB09-7EC0-4215-B761-DD674A28B946}"
EndProject
Global
	GlobalSection(SolutionConfigurationPlatforms) = preSolution
		Debug|Any CPU = Debug|Any CPU
		Release|Any CPU = Release|Any CPU
	EndGlobalSection
	GlobalSection(ProjectConfigurationPlatforms) = postSolution
		{5DCFCB09-7EC0-4215-B761-DD674A28B946}.Debug|Any CPU.ActiveCfg = Debug|Any CPU
		{5DCFCB09-7EC0-4215-B761-DD674A28B946}.Debug|Any CPU.Build.0 = Debug|Any CPU
		{5DCFCB09-7EC0-4215-B761-DD674A28B946}.Release|Any CPU.ActiveCfg = Release|Any CPU
		{5DCFCB09-7EC0-4215-B761-DD674A28B946}.Release|Any CPU.Build.0 = Release|Any CPU
	EndGlobalSection
	GlobalSection(SolutionProperties) = preSolution
		HideSolutionNode = FALSE
	EndGlobalSection
	GlobalSection(ExtensibilityGlobals) = postSolution
		SolutionGuid = {F9172435-4923-4C4C-9039-C9230FBF6247}
	EndGlobalSection
EndGlobal
